<?xml version="1.0" encoding="utf-8"?>
<Project ToolsVersion="17.0" xmlns="http://schemas.microsoft.com/developer/msbuild/2003">
  <ItemGroup>
    <ClCompile Include="C:\Users\minec\source\repos\BlackoutAC\GameLoader\GameLoader.cpp">
      <Filter>Source Files</Filter>
    </ClCompile>
  </ItemGroup>
  <ItemGroup>
    <CustomBuild Include="C:\Users\minec\source\repos\BlackoutAC\GameLoader\CMakeLists.txt" />
  </ItemGroup>
  <ItemGroup>
    <Filter Include="Source Files">
      <UniqueIdentifier>{DCEF0D6C-DAB0-3992-907C-0DE7BB6F9DC6}</UniqueIdentifier>
    </Filter>
  </ItemGroup>
</Project>
