
Microsoft Visual Studio Solution File, Format Version 12.00
# Visual Studio Version 17
Project("{8BC9CEB8-8B4A-11D0-8D11-00A0C91BC942}") = "ALL_BUILD", "ALL_BUILD.vcxproj", "{7C1EA908-356D-33E4-B24E-4BD27D60EE4B}"
	ProjectSection(ProjectDependencies) = postProject
		{1BDD295F-64F6-3719-A624-B4D2F3D96C74} = {1BDD295F-64F6-3719-A624-B4D2F3D96C74}
		{CE0A54E0-ED1D-32C1-BAC7-6A26FAB29221} = {CE0A54E0-ED1D-32C1-BAC7-6A26FAB29221}
	EndProjectSection
EndProject
Project("{8BC9CEB8-8B4A-11D0-8D11-00A0C91BC942}") = "AntiCheatDLL", "AntiCheatDLL.vcxproj", "{1BDD295F-64F6-3719-A624-B4D2F3D96C74}"
	ProjectSection(ProjectDependencies) = postProject
		{CE0A54E0-ED1D-32C1-BAC7-6A26FAB29221} = {CE0A54E0-ED1D-32C1-BAC7-6A26FAB29221}
	EndProjectSection
EndProject
Project("{8BC9CEB8-8B4A-11D0-8D11-00A0C91BC942}") = "ZERO_CHECK", "..\\ZERO_CHECK.vcxproj", "{CE0A54E0-ED1D-32C1-BAC7-6A26FAB29221}"
	ProjectSection(ProjectDependencies) = postProject
	EndProjectSection
EndProject
Global
	GlobalSection(SolutionConfigurationPlatforms) = preSolution
		Debug|x64 = Debug|x64
		Release|x64 = Release|x64
		MinSizeRel|x64 = MinSizeRel|x64
		RelWithDebInfo|x64 = RelWithDebInfo|x64
	EndGlobalSection
	GlobalSection(ProjectConfigurationPlatforms) = postSolution
		{7C1EA908-356D-33E4-B24E-4BD27D60EE4B}.Debug|x64.ActiveCfg = Debug|x64
		{7C1EA908-356D-33E4-B24E-4BD27D60EE4B}.Release|x64.ActiveCfg = Release|x64
		{7C1EA908-356D-33E4-B24E-4BD27D60EE4B}.MinSizeRel|x64.ActiveCfg = MinSizeRel|x64
		{7C1EA908-356D-33E4-B24E-4BD27D60EE4B}.RelWithDebInfo|x64.ActiveCfg = RelWithDebInfo|x64
		{1BDD295F-64F6-3719-A624-B4D2F3D96C74}.Debug|x64.ActiveCfg = Debug|x64
		{1BDD295F-64F6-3719-A624-B4D2F3D96C74}.Debug|x64.Build.0 = Debug|x64
		{1BDD295F-64F6-3719-A624-B4D2F3D96C74}.Release|x64.ActiveCfg = Release|x64
		{1BDD295F-64F6-3719-A624-B4D2F3D96C74}.Release|x64.Build.0 = Release|x64
		{1BDD295F-64F6-3719-A624-B4D2F3D96C74}.MinSizeRel|x64.ActiveCfg = MinSizeRel|x64
		{1BDD295F-64F6-3719-A624-B4D2F3D96C74}.MinSizeRel|x64.Build.0 = MinSizeRel|x64
		{1BDD295F-64F6-3719-A624-B4D2F3D96C74}.RelWithDebInfo|x64.ActiveCfg = RelWithDebInfo|x64
		{1BDD295F-64F6-3719-A624-B4D2F3D96C74}.RelWithDebInfo|x64.Build.0 = RelWithDebInfo|x64
		{CE0A54E0-ED1D-32C1-BAC7-6A26FAB29221}.Debug|x64.ActiveCfg = Debug|x64
		{CE0A54E0-ED1D-32C1-BAC7-6A26FAB29221}.Debug|x64.Build.0 = Debug|x64
		{CE0A54E0-ED1D-32C1-BAC7-6A26FAB29221}.Release|x64.ActiveCfg = Release|x64
		{CE0A54E0-ED1D-32C1-BAC7-6A26FAB29221}.Release|x64.Build.0 = Release|x64
		{CE0A54E0-ED1D-32C1-BAC7-6A26FAB29221}.MinSizeRel|x64.ActiveCfg = MinSizeRel|x64
		{CE0A54E0-ED1D-32C1-BAC7-6A26FAB29221}.MinSizeRel|x64.Build.0 = MinSizeRel|x64
		{CE0A54E0-ED1D-32C1-BAC7-6A26FAB29221}.RelWithDebInfo|x64.ActiveCfg = RelWithDebInfo|x64
		{CE0A54E0-ED1D-32C1-BAC7-6A26FAB29221}.RelWithDebInfo|x64.Build.0 = RelWithDebInfo|x64
	EndGlobalSection
	GlobalSection(ExtensibilityGlobals) = postSolution
		SolutionGuid = {F0E1DACE-A748-322A-A81E-778487EBC03B}
	EndGlobalSection
	GlobalSection(ExtensibilityAddIns) = postSolution
	EndGlobalSection
EndGlobal
